# This file is generated by running "yarn install" inside your project.
# Manual changes might be lost - proceed with caution!

__metadata:
  version: 8
  cacheKey: 10c0

"assets@workspace:.":
  version: 0.0.0-use.local
  resolution: "assets@workspace:."
  dependencies:
    select2: "npm:^4.1.0-rc.0"
  languageName: unknown
  linkType: soft

"select2@npm:^4.1.0-rc.0":
  version: 4.1.0-rc.0
  resolution: "select2@npm:4.1.0-rc.0"
  checksum: 10c0/6e25a387ad059b341bd154374894a730d862a65913a86b84d3a9d5b31d71219f415c2f79ec8d40761efb4d8dc3e11155cdf14b2902cf6e4f99a21148f2688e69
  languageName: node
  linkType: hard
